
Microsoft Visual Studio Solution File, Format Version 12.00
# Visual Studio Version 17
VisualStudioVersion = 17.9.34728.123
MinimumVisualStudioVersion = 10.0.40219.1
Project("{FAE04EC0-301F-11D3-BF4B-00C04F79EFBC}") = "ScreenGame", "ScreenGame\ScreenGame.csproj", "{9CC57B66-F1A8-4479-818A-6940F7465EF0}"
EndProject
Global
	GlobalSection(SolutionConfigurationPlatforms) = preSolution
		Debug|Any CPU = Debug|Any CPU
		Release|Any CPU = Release|Any CPU
	EndGlobalSection
	GlobalSection(ProjectConfigurationPlatforms) = postSolution
		{9CC57B66-F1A8-4479-818A-6940F7465EF0}.Debug|Any CPU.ActiveCfg = Debug|Any CPU
		{9CC57B66-F1A8-4479-818A-6940F7465EF0}.Debug|Any CPU.Build.0 = Debug|Any CPU
		{9CC57B66-F1A8-4479-818A-6940F7465EF0}.Release|Any CPU.ActiveCfg = Release|Any CPU
		{9CC57B66-F1A8-4479-818A-6940F7465EF0}.Release|Any CPU.Build.0 = Release|Any CPU
	EndGlobalSection
	GlobalSection(SolutionProperties) = preSolution
		HideSolutionNode = FALSE
	EndGlobalSection
	GlobalSection(ExtensibilityGlobals) = postSolution
		SolutionGuid = {EF61CFE8-C3D7-4B7D-B783-0895AD783258}
	EndGlobalSection
EndGlobal
